[[package]]
category = "dev"
description = "A small Python module for determining appropriate platform-specific dirs, e.g. a \"user data dir\"."
name = "appdirs"
optional = false
python-versions = "*"
version = "1.4.3"

[[package]]
category = "main"
description = "Fast ASN.1 parser and serializer with definitions for private keys, public keys, certificates, CRL, OCSP, CMS, PKCS#3, PKCS#7, PKCS#8, PKCS#12, PKCS#5, X.509 and TSP"
marker = "extra == \"crypto\""
name = "asn1crypto"
optional = false
python-versions = "*"
version = "0.24.0"

[[package]]
category = "dev"
description = "Atomic file writes."
name = "atomicwrites"
optional = false
python-versions = ">=2.7, !=3.0.*, !=3.1.*, !=3.2.*, !=3.3.*"
version = "1.3.0"

[[package]]
category = "dev"
description = "Classes Without Boilerplate"
name = "attrs"
optional = false
python-versions = ">=2.7, !=3.0.*, !=3.1.*, !=3.2.*, !=3.3.*"
version = "19.1.0"

[[package]]
category = "dev"
description = "The uncompromising code formatter."
name = "black"
optional = false
python-versions = ">=3.6"
version = "19.3b0"

[package.dependencies]
appdirs = "*"
attrs = ">=18.1.0"
click = ">=6.5"
toml = ">=0.9.4"

[[package]]
category = "main"
description = "Python package for providing Mozilla's CA Bundle."
name = "certifi"
optional = false
python-versions = "*"
version = "2019.9.11"

[[package]]
category = "main"
description = "Foreign Function Interface for Python calling C code."
marker = "extra == \"crypto\""
name = "cffi"
optional = false
python-versions = "*"
version = "1.12.3"

[package.dependencies]
pycparser = "*"

[[package]]
category = "main"
description = "Universal encoding detector for Python 2 and 3"
name = "chardet"
optional = false
python-versions = "*"
version = "3.0.4"

[[package]]
category = "dev"
description = "Composable command line interface toolkit"
name = "click"
optional = false
python-versions = ">=2.7, !=3.0.*, !=3.1.*, !=3.2.*, !=3.3.*"
version = "7.0"

[[package]]
category = "dev"
description = "Cross-platform colored terminal text."
marker = "sys_platform == \"win32\""
name = "colorama"
optional = false
python-versions = ">=2.7, !=3.0.*, !=3.1.*, !=3.2.*, !=3.3.*"
version = "0.4.1"

[[package]]
category = "main"
description = "cryptography is a package which provides cryptographic recipes and primitives to Python developers."
marker = "extra == \"crypto\""
name = "cryptography"
optional = false
python-versions = ">=2.7,!=3.0.*,!=3.1.*,!=3.2.*,!=3.3.*"
version = "2.7"

[package.dependencies]
asn1crypto = ">=0.21.0"
cffi = ">=1.8,<1.11.3 || >1.11.3"
six = ">=1.4.1"

[[package]]
category = "dev"
description = "Discover and load entry points from installed packages."
name = "entrypoints"
optional = false
python-versions = ">=2.7"
version = "0.3"

[[package]]
category = "dev"
description = "EPC (RPC stack for Emacs Lisp) implementation in Python"
name = "epc"
optional = false
python-versions = "*"
version = "0.0.5"

[package.dependencies]
sexpdata = ">=0.0.3"

[[package]]
category = "dev"
description = "the modular source code checker: pep8, pyflakes and co"
name = "flake8"
optional = false
python-versions = ">=2.7, !=3.0.*, !=3.1.*, !=3.2.*, !=3.3.*"
version = "3.7.8"

[package.dependencies]
entrypoints = ">=0.3.0,<0.4.0"
mccabe = ">=0.6.0,<0.7.0"
pycodestyle = ">=2.5.0,<2.6.0"
pyflakes = ">=2.1.0,<2.2.0"

[[package]]
category = "dev"
description = "A plugin for flake8 finding likely bugs and design problems in your program. Contains warnings that don't belong in pyflakes and pycodestyle."
name = "flake8-bugbear"
optional = false
python-versions = ">=3.5"
version = "18.8.0"

[package.dependencies]
attrs = "*"
flake8 = ">=3.0.0"

[[package]]
category = "dev"
description = "Clean single-source support for Python 3 and 2"
name = "future"
optional = false
python-versions = ">=2.6, !=3.0.*, !=3.1.*, !=3.2.*"
version = "0.17.1"

[[package]]
category = "main"
description = "Globus SDK for Python"
name = "globus-sdk"
optional = false
python-versions = "*"
version = "1.8.0"

[package.dependencies]
pyjwt = ">=1.5.3,<2.0.0"
requests = ">=2.9.2,<3.0.0"
six = ">=1.10.0,<2.0.0"

[[package]]
category = "main"
description = "Simple Python interface for Graphviz"
name = "graphviz"
optional = false
python-versions = ">=2.7,!=3.0.*,!=3.1.*,!=3.2.*,!=3.3.*,!=3.4.*"
version = "0.12"

[[package]]
category = "main"
description = "Internationalized Domain Names in Applications (IDNA)"
name = "idna"
optional = false
python-versions = ">=2.7, !=3.0.*, !=3.1.*, !=3.2.*, !=3.3.*"
version = "2.8"

[[package]]
category = "dev"
description = "Read metadata from Python packages"
marker = "python_version < \"3.8\""
name = "importlib-metadata"
optional = false
python-versions = ">=2.7,!=3.0,!=3.1,!=3.2,!=3.3"
version = "0.23"

[package.dependencies]
zipp = ">=0.5"

[[package]]
category = "dev"
description = "Python Import Magic - automagically add, remove and manage imports"
name = "importmagic"
optional = false
python-versions = "*"
version = "0.1.7"

[package.dependencies]
setuptools = ">=0.6b1"

[[package]]
category = "dev"
description = "A Python utility / library to sort Python imports."
name = "isort"
optional = false
python-versions = ">=2.7, !=3.0.*, !=3.1.*, !=3.2.*, !=3.3.*"
version = "4.3.21"

[[package]]
category = "dev"
description = "An autocompletion tool for Python that can be used for text editors."
name = "jedi"
optional = false
python-versions = ">=2.7, !=3.0.*, !=3.1.*, !=3.2.*, !=3.3.*"
version = "0.13.3"

[package.dependencies]
parso = ">=0.3.0"

[[package]]
category = "dev"
description = "McCabe checker, plugin for flake8"
name = "mccabe"
optional = false
python-versions = "*"
version = "0.6.1"

[[package]]
category = "dev"
description = "More routines for operating on iterables, beyond itertools"
name = "more-itertools"
optional = false
python-versions = ">=3.4"
version = "7.2.0"

[[package]]
category = "dev"
description = "Optional static typing for Python"
name = "mypy"
optional = false
python-versions = "*"
version = "0.720"

[package.dependencies]
mypy-extensions = ">=0.4.0,<0.5.0"
typed-ast = ">=1.4.0,<1.5.0"
typing-extensions = ">=3.7.4"

[[package]]
category = "dev"
description = "Experimental type system extensions for programs checked with the mypy typechecker."
name = "mypy-extensions"
optional = false
python-versions = "*"
version = "0.4.1"

[[package]]
category = "dev"
description = "Core utilities for Python packages"
name = "packaging"
optional = false
python-versions = ">=2.7, !=3.0.*, !=3.1.*, !=3.2.*, !=3.3.*"
version = "19.2"

[package.dependencies]
pyparsing = ">=2.0.2"
six = "*"

[[package]]
category = "dev"
description = "A Python Parser"
name = "parso"
optional = false
python-versions = "*"
version = "0.5.1"

[[package]]
category = "dev"
description = "plugin and hook calling mechanisms for python"
name = "pluggy"
optional = false
python-versions = ">=2.7, !=3.0.*, !=3.1.*, !=3.2.*, !=3.3.*"
version = "0.13.0"

[package.dependencies]
[package.dependencies.importlib-metadata]
python = "<3.8"
version = ">=0.12"

[[package]]
category = "dev"
description = "library with cross-python path, ini-parsing, io, code, log facilities"
name = "py"
optional = false
python-versions = ">=2.7, !=3.0.*, !=3.1.*, !=3.2.*, !=3.3.*"
version = "1.8.0"

[[package]]
category = "dev"
description = "Python style guide checker"
name = "pycodestyle"
optional = false
python-versions = ">=2.7, !=3.0.*, !=3.1.*, !=3.2.*, !=3.3.*"
version = "2.5.0"

[[package]]
category = "main"
description = "C parser in Python"
marker = "extra == \"crypto\""
name = "pycparser"
optional = false
python-versions = "*"
version = "2.19"

[[package]]
category = "dev"
description = "passive checker of Python programs"
name = "pyflakes"
optional = false
python-versions = ">=2.7, !=3.0.*, !=3.1.*, !=3.2.*, !=3.3.*"
version = "2.1.1"

[[package]]
category = "main"
description = "JSON Web Token implementation in Python"
name = "pyjwt"
optional = false
python-versions = "*"
version = "1.7.1"

[package.dependencies]
cryptography = ">=1.4"

[[package]]
category = "dev"
description = "Black plugin for the Python Language Server"
name = "pyls-black"
optional = false
python-versions = "*"
version = "0.4.4"

[package.dependencies]
black = ">=19.3b0"
python-language-server = "*"
toml = "*"

[[package]]
category = "dev"
description = "Isort plugin for python-language-server"
name = "pyls-isort"
optional = false
python-versions = "*"
version = "0.1.1"

[package.dependencies]
isort = "*"
python-language-server = "*"

[[package]]
category = "dev"
description = "Mypy linter for the Python Language Server"
name = "pyls-mypy"
optional = false
python-versions = "*"
version = "0.1.6"

[package.dependencies]
mypy = "*"
python-language-server = "*"

[[package]]
category = "dev"
description = "Python parsing module"
name = "pyparsing"
optional = false
python-versions = ">=2.6, !=3.0.*, !=3.1.*, !=3.2.*"
version = "2.4.2"

[[package]]
category = "dev"
description = "pytest: simple powerful testing with Python"
name = "pytest"
optional = false
python-versions = ">=3.5"
version = "5.1.3"

[package.dependencies]
atomicwrites = ">=1.0"
attrs = ">=17.4.0"
colorama = "*"
more-itertools = ">=4.0.0"
packaging = "*"
pluggy = ">=0.12,<1.0"
py = ">=1.5.0"
wcwidth = "*"

[package.dependencies.importlib-metadata]
python = "<3.8"
version = ">=0.12"

[[package]]
category = "dev"
description = "JSON RPC 2.0 server library"
name = "python-jsonrpc-server"
optional = false
python-versions = "*"
version = "0.2.0"

[package.dependencies]
future = ">=0.14.0"

[[package]]
category = "dev"
description = "Python Language Server for the Language Server Protocol"
name = "python-language-server"
optional = false
python-versions = "*"
version = "0.27.0"

[package.dependencies]
future = ">=0.14.0"
jedi = ">=0.13.2,<0.14"
pluggy = "*"
pycodestyle = "*"
pyflakes = ">=1.6.0"
python-jsonrpc-server = ">=0.1.0"
rope = ">0.10.5"

[[package]]
category = "main"
description = "Python HTTP for Humans."
name = "requests"
optional = false
python-versions = ">=2.7, !=3.0.*, !=3.1.*, !=3.2.*, !=3.3.*, !=3.4.*"
version = "2.22.0"

[package.dependencies]
certifi = ">=2017.4.17"
chardet = ">=3.0.2,<3.1.0"
idna = ">=2.5,<2.9"
urllib3 = ">=1.21.1,<1.25.0 || >1.25.0,<1.25.1 || >1.25.1,<1.26"

[[package]]
category = "dev"
description = "a python refactoring library..."
marker = "extra == \"rope\""
name = "rope"
optional = false
python-versions = "*"
version = "0.14.0"

[[package]]
category = "dev"
description = "S-expression parser for Python"
name = "sexpdata"
optional = false
python-versions = "*"
version = "0.0.3"

[[package]]
category = "main"
description = "Python 2 and 3 compatibility utilities"
name = "six"
optional = false
python-versions = ">=2.6, !=3.0.*, !=3.1.*"
version = "1.12.0"

[[package]]
category = "dev"
description = "Python Library for Tom's Obvious, Minimal Language"
name = "toml"
optional = false
python-versions = "*"
version = "0.10.0"

[[package]]
category = "dev"
description = "a fork of Python 2 and 3 ast modules with type comment support"
name = "typed-ast"
optional = false
python-versions = "*"
version = "1.4.0"

[[package]]
category = "dev"
description = "Type Hints for Python"
name = "typing"
optional = false
python-versions = "*"
version = "3.7.4.1"

[[package]]
category = "dev"
description = "Backported and Experimental Type Hints for Python 3.5+"
name = "typing-extensions"
optional = false
python-versions = "*"
version = "3.7.4"

[package.dependencies]
typing = ">=3.7.4"

[[package]]
category = "main"
description = "HTTP library with thread-safe connection pooling, file post, and more."
name = "urllib3"
optional = false
python-versions = ">=2.7, !=3.0.*, !=3.1.*, !=3.2.*, !=3.3.*, <4"
version = "1.25.5"

[[package]]
category = "dev"
description = "Measures number of Terminal column cells of wide-character codes"
name = "wcwidth"
optional = false
python-versions = "*"
version = "0.1.7"

[[package]]
category = "dev"
description = "Backport of pathlib-compatible object wrapper for zip files"
marker = "python_version < \"3.8\""
name = "zipp"
optional = false
python-versions = ">=2.7"
version = "0.6.0"

[package.dependencies]
more-itertools = "*"

[metadata]
content-hash = "d2e995042f4783f26bd65aa30ca831f648d65e5ca5ad988c85297dad2571772a"
python-versions = "^3.6"

[metadata.hashes]
appdirs = ["9e5896d1372858f8dd3344faf4e5014d21849c756c8d5701f78f8a103b372d92", "d8b24664561d0d34ddfaec54636d502d7cea6e29c3eaf68f3df6180863e2166e"]
asn1crypto = ["2f1adbb7546ed199e3c90ef23ec95c5cf3585bac7d11fb7eb562a3fe89c64e87", "9d5c20441baf0cb60a4ac34cc447c6c189024b6b4c6cd7877034f4965c464e49"]
atomicwrites = ["03472c30eb2c5d1ba9227e4c2ca66ab8287fbfbbda3888aa93dc2e28fc6811b4", "75a9445bac02d8d058d5e1fe689654ba5a6556a1dfd8ce6ec55a0ed79866cfa6"]
attrs = ["69c0dbf2ed392de1cb5ec704444b08a5ef81680a61cb899dc08127123af36a79", "f0b870f674851ecbfbbbd364d6b5cbdff9dcedbc7f3f5e18a6891057f21fe399"]
black = ["09a9dcb7c46ed496a9850b76e4e825d6049ecd38b611f1224857a79bd985a8cf", "68950ffd4d9169716bcb8719a56c07a2f4485354fec061cdd5910aa07369731c"]
certifi = ["e4f3620cfea4f83eedc95b24abd9cd56f3c4b146dd0177e83a21b4eb49e21e50", "fd7c7c74727ddcf00e9acd26bba8da604ffec95bf1c2144e67aff7a8b50e6cef"]
cffi = ["041c81822e9f84b1d9c401182e174996f0bae9991f33725d059b771744290774", "046ef9a22f5d3eed06334d01b1e836977eeef500d9b78e9ef693f9380ad0b83d", "066bc4c7895c91812eff46f4b1c285220947d4aa46fa0a2651ff85f2afae9c90", "066c7ff148ae33040c01058662d6752fd73fbc8e64787229ea8498c7d7f4041b", "2444d0c61f03dcd26dbf7600cf64354376ee579acad77aef459e34efcb438c63", "300832850b8f7967e278870c5d51e3819b9aad8f0a2c8dbe39ab11f119237f45", "34c77afe85b6b9e967bd8154e3855e847b70ca42043db6ad17f26899a3df1b25", "46de5fa00f7ac09f020729148ff632819649b3e05a007d286242c4882f7b1dc3", "4aa8ee7ba27c472d429b980c51e714a24f47ca296d53f4d7868075b175866f4b", "4d0004eb4351e35ed950c14c11e734182591465a33e960a4ab5e8d4f04d72647", "4e3d3f31a1e202b0f5a35ba3bc4eb41e2fc2b11c1eff38b362de710bcffb5016", "50bec6d35e6b1aaeb17f7c4e2b9374ebf95a8975d57863546fa83e8d31bdb8c4", "55cad9a6df1e2a1d62063f79d0881a414a906a6962bc160ac968cc03ed3efcfb", "5662ad4e4e84f1eaa8efce5da695c5d2e229c563f9d5ce5b0113f71321bcf753", "59b4dc008f98fc6ee2bb4fd7fc786a8d70000d058c2bbe2698275bc53a8d3fa7", "73e1ffefe05e4ccd7bcea61af76f36077b914f92b76f95ccf00b0c1b9186f3f9", "a1f0fd46eba2d71ce1589f7e50a9e2ffaeb739fb2c11e8192aa2b45d5f6cc41f", "a2e85dc204556657661051ff4bab75a84e968669765c8a2cd425918699c3d0e8", "a5457d47dfff24882a21492e5815f891c0ca35fefae8aa742c6c263dac16ef1f", "a8dccd61d52a8dae4a825cdbb7735da530179fea472903eb871a5513b5abbfdc", "ae61af521ed676cf16ae94f30fe202781a38d7178b6b4ab622e4eec8cefaff42", "b012a5edb48288f77a63dba0840c92d0504aa215612da4541b7b42d849bc83a3", "d2c5cfa536227f57f97c92ac30c8109688ace8fa4ac086d19d0af47d134e2909", "d42b5796e20aacc9d15e66befb7a345454eef794fdb0737d1af593447c6c8f45", "dee54f5d30d775f525894d67b1495625dd9322945e7fee00731952e0368ff42d", "e070535507bd6aa07124258171be2ee8dfc19119c28ca94c9dfb7efd23564512", "e1ff2748c84d97b065cc95429814cdba39bcbd77c9c85c89344b317dc0d9cbff", "ed851c75d1e0e043cbf5ca9a8e1b13c4c90f3fbd863dacb01c0808e2b5204201"]
chardet = ["84ab92ed1c4d4f16916e05906b6b75a6c0fb5db821cc65e70cbd64a3e2a5eaae", "fc323ffcaeaed0e0a02bf4d117757b98aed530d9ed4531e3e15460124c106691"]
click = ["2335065e6395b9e67ca716de5f7526736bfa6ceead690adf616d925bdc622b13", "5b94b49521f6456670fdb30cd82a4eca9412788a93fa6dd6df72c94d5a8ff2d7"]
colorama = ["05eed71e2e327246ad6b38c540c4a3117230b19679b875190486ddd2d721422d", "f8ac84de7840f5b9c4e3347b3c1eaa50f7e49c2b07596221daec5edaabbd7c48"]
cryptography = ["24b61e5fcb506424d3ec4e18bca995833839bf13c59fc43e530e488f28d46b8c", "25dd1581a183e9e7a806fe0543f485103232f940fcfc301db65e630512cce643", "3452bba7c21c69f2df772762be0066c7ed5dc65df494a1d53a58b683a83e1216", "41a0be220dd1ed9e998f5891948306eb8c812b512dc398e5a01846d855050799", "5751d8a11b956fbfa314f6553d186b94aa70fdb03d8a4d4f1c82dcacf0cbe28a", "5f61c7d749048fa6e3322258b4263463bfccefecb0dd731b6561cb617a1d9bb9", "72e24c521fa2106f19623a3851e9f89ddfdeb9ac63871c7643790f872a305dfc", "7b97ae6ef5cba2e3bb14256625423413d5ce8d1abb91d4f29b6d1a081da765f8", "961e886d8a3590fd2c723cf07be14e2a91cf53c25f02435c04d39e90780e3b53", "96d8473848e984184b6728e2c9d391482008646276c3ff084a1bd89e15ff53a1", "ae536da50c7ad1e002c3eee101871d93abdc90d9c5f651818450a0d3af718609", "b0db0cecf396033abb4a93c95d1602f268b3a68bb0a9cc06a7cff587bb9a7292", "cfee9164954c186b191b91d4193989ca994703b2fff406f71cf454a2d3c7327e", "e6347742ac8f35ded4a46ff835c60e68c22a536a8ae5c4422966d06946b6d4c6", "f27d93f0139a3c056172ebb5d4f9056e770fdf0206c2f422ff2ebbad142e09ed", "f57b76e46a58b63d1c6375017f4564a28f19a5ca912691fd2e4261b3414b618d"]
entrypoints = ["589f874b313739ad35be6e0cd7efde2a4e9b6fea91edcc34e58ecbb8dbe56d19", "c70dd71abe5a8c85e55e12c19bd91ccfeec11a6e99044204511f9ed547d48451"]
epc = ["a14d2ea74817955a20eb00812e3a4630a132897eb4d976420240f1152c0d7d25"]
flake8 = ["19241c1cbc971b9962473e4438a2ca19749a7dd002dd1a946eaba171b4114548", "8e9dfa3cecb2400b3738a42c54c3043e821682b9c840b0448c0503f781130696"]
flake8-bugbear = ["07b6e769d7f4e168d590f7088eae40f6ddd9fa4952bed31602def65842682c83", "0ccf56975f4db1d69dc1cf3598c99d768ebf95d0cad27d76087954aa399b515a"]
future = ["67045236dcfd6816dc439556d009594abf643e5eb48992e36beac09c2ca659b8"]
globus-sdk = ["4ea1d985a35d511ee9d80da88fe595fb6fda549a1120ca614a6cd3d76415a958", "9fbfc880ea5d133005b11abcc3a59afce4e59bdbe1b55860529b67b2d550fd3d"]
graphviz = ["8adc6460f9eddca440b826dd89790090d76fb8e693e2206fd4c2a4ed80841999", "c60e232a66e4847f9f644fbaa94730ca4f78385a1314a2cc1e7f4cb2d7461298"]
idna = ["c357b3f628cf53ae2c4c05627ecc484553142ca23264e593d327bcde5e9c3407", "ea8b7f6188e6fa117537c3df7da9fc686d485087abf6ac197f9c46432f7e4a3c"]
importlib-metadata = ["aa18d7378b00b40847790e7c27e11673d7fed219354109d0e7b9e5b25dc3ad26", "d5f18a79777f3aa179c145737780282e27b508fc8fd688cb17c7a813e8bd39af"]
importmagic = ["3f7757a5b74c9a291e20e12023bb3bf71bc2fa3adfb15a08570648ab83eaf8d8"]
isort = ["54da7e92468955c4fceacd0c86bd0ec997b0e1ee80d97f67c35a78b719dccab1", "6e811fcb295968434526407adb8796944f1988c5b65e8139058f2014cbe100fd"]
jedi = ["2bb0603e3506f708e792c7f4ad8fc2a7a9d9c2d292a358fbbd58da531695595b", "2c6bcd9545c7d6440951b12b44d373479bf18123a401a52025cf98563fbd826c"]
mccabe = ["ab8a6258860da4b6677da4bd2fe5dc2c659cff31b3ee4f7f5d64e79735b80d42", "dd8d182285a0fe56bace7f45b5e7d1a6ebcbf524e8f3bd87eb0f125271b8831f"]
more-itertools = ["409cd48d4db7052af495b09dec721011634af3753ae1ef92d2b32f73a745f832", "92b8c4b06dac4f0611c0729b2f2ede52b2e1bac1ab48f089c7ddc12e26bb60c4"]
mypy = ["0107bff4f46a289f0e4081d59b77cef1c48ea43da5a0dbf0005d54748b26df2a", "07957f5471b3bb768c61f08690c96d8a09be0912185a27a68700f3ede99184e4", "10af62f87b6921eac50271e667cc234162a194e742d8e02fc4ddc121e129a5b0", "11fd60d2f69f0cefbe53ce551acf5b1cec1a89e7ce2d47b4e95a84eefb2899ae", "15e43d3b1546813669bd1a6ec7e6a11d2888db938e0607f7b5eef6b976671339", "352c24ba054a89bb9a35dd064ee95ab9b12903b56c72a8d3863d882e2632dc76", "437020a39417e85e22ea8edcb709612903a9924209e10b3ec6d8c9f05b79f498", "49925f9da7cee47eebf3420d7c0e00ec662ec6abb2780eb0a16260a7ba25f9c4", "6724fcd5777aa6cebfa7e644c526888c9d639bd22edd26b2a8038c674a7c34bd", "7a17613f7ea374ab64f39f03257f22b5755335b73251d0d253687a69029701ba", "cdc1151ced496ca1496272da7fc356580e95f2682be1d32377c22ddebdf73c91"]
mypy-extensions = ["37e0e956f41369209a3d5f34580150bcacfabaa57b33a15c0b25f4b5725e0812", "b16cabe759f55e3409a7d231ebd2841378fb0c27a5d1994719e340e4f429ac3e"]
packaging = ["28b924174df7a2fa32c1953825ff29c61e2f5e082343165438812f00d3a7fc47", "d9551545c6d761f3def1677baf08ab2a3ca17c56879e70fecba2fc4dde4ed108"]
parso = ["63854233e1fadb5da97f2744b6b24346d2750b85965e7e399bec1620232797dc", "666b0ee4a7a1220f65d367617f2cd3ffddff3e205f3f16a0284df30e774c2a9c"]
pluggy = ["0db4b7601aae1d35b4a033282da476845aa19185c1e6964b25cf324b5e4ec3e6", "fa5fa1622fa6dd5c030e9cad086fa19ef6a0cf6d7a2d12318e10cb49d6d68f34"]
py = ["64f65755aee5b381cea27766a3a147c3f15b9b6b9ac88676de66ba2ae36793fa", "dc639b046a6e2cff5bbe40194ad65936d6ba360b52b3c3fe1d08a82dd50b5e53"]
pycodestyle = ["95a2219d12372f05704562a14ec30bc76b05a5b297b21a5dfe3f6fac3491ae56", "e40a936c9a450ad81df37f549d676d127b1b66000a6c500caa2b085bc0ca976c"]
pycparser = ["a988718abfad80b6b157acce7bf130a30876d27603738ac39f140993246b25b3"]
pyflakes = ["17dbeb2e3f4d772725c777fabc446d5634d1038f234e77343108ce445ea69ce0", "d976835886f8c5b31d47970ed689944a0262b5f3afa00a5a7b4dc81e5449f8a2"]
pyjwt = ["5c6eca3c2940464d106b99ba83b00c6add741c9becaec087fb7ccdefea71350e", "8d59a976fb773f3e6a39c85636357c4f0e242707394cadadd9814f5cbaa20e96"]
pyls-black = ["ba6364e92acfad97fb9b68928f90f5b266932e1da44ab0652606e4e91a5f4587", "d63149f53be4e1fbc6e7a99bb321cf58ae3cb46b8711c13c4f45c2081b8467da"]
pyls-isort = ["5bad833dab833c4e8d61172428c6ff16e4d334d986fe5dd809aa55c2e7e4fb7f", "eaf323e12d652ed4ccf8365c1f65d55923e5ee5a9cbfa27bdd5f2941a14d16e6"]
pyls-mypy = ["3fcc427e0a82673e2baf6fc71a64c89590507ef7d9b2ecdff4f5e877f8e7d394"]
pyparsing = ["6f98a7b9397e206d78cc01df10131398f1c8b8510a2f4d97d9abd82e1aacdd80", "d9338df12903bbf5d65a0e4e87c2161968b10d2e489652bb47001d82a9b028b4"]
pytest = ["813b99704b22c7d377bbd756ebe56c35252bb710937b46f207100e843440b3c2", "cc6620b96bc667a0c8d4fa592a8c9c94178a1bd6cc799dbb057dfd9286d31a31"]
python-jsonrpc-server = ["59ce9c9523c14c493a327b3a27ee37464a36dc2b9d8ab485ecbcedd38840380a"]
python-language-server = ["77c6d043bd4bc7c32f56d80ff12bcd93d341043da89a76bffe3b6fd263ebb165"]
requests = ["11e007a8a2aa0323f5a921e9e6a2d7e4e67d9877e85773fba9ba6419025cbeb4", "9cf5292fcd0f598c671cfc1e0d7d1a7f13bb8085e9a590f48c010551dc6c4b31"]
rope = ["6b728fdc3e98a83446c27a91fc5d56808a004f8beab7a31ab1d7224cecc7d969", "c5c5a6a87f7b1a2095fb311135e2a3d1f194f5ecb96900fdd0a9100881f48aaf", "f0dcf719b63200d492b85535ebe5ea9b29e0d0b8aebeb87fe03fc1a65924fdaf"]
sexpdata = ["1ac827a616c5e87ebb60fd6686fb86f8a166938c645f4089d92de3ffbdd494e0"]
six = ["3350809f0555b11f552448330d0b52d5f24c91a322ea4a15ef22629740f3761c", "d16a0141ec1a18405cd4ce8b4613101da75da0e9a7aec5bdd4fa804d0e0eba73"]
toml = ["229f81c57791a41d65e399fc06bf0848bab550a9dfd5ed66df18ce5f05e73d5c", "235682dd292d5899d361a811df37e04a8828a5b1da3115886b73cf81ebc9100e", "f1db651f9657708513243e61e6cc67d101a39bad662eaa9b5546f789338e07a3"]
typed-ast = ["18511a0b3e7922276346bcb47e2ef9f38fb90fd31cb9223eed42c85d1312344e", "262c247a82d005e43b5b7f69aff746370538e176131c32dda9cb0f324d27141e", "2b907eb046d049bcd9892e3076c7a6456c93a25bebfe554e931620c90e6a25b0", "354c16e5babd09f5cb0ee000d54cfa38401d8b8891eefa878ac772f827181a3c", "4e0b70c6fc4d010f8107726af5fd37921b666f5b31d9331f0bd24ad9a088e631", "630968c5cdee51a11c05a30453f8cd65e0cc1d2ad0d9192819df9978984529f4", "66480f95b8167c9c5c5c87f32cf437d585937970f3fc24386f313a4c97b44e34", "71211d26ffd12d63a83e079ff258ac9d56a1376a25bc80b1cdcdf601b855b90b", "95bd11af7eafc16e829af2d3df510cecfd4387f6453355188342c3e79a2ec87a", "bc6c7d3fa1325a0c6613512a093bc2a2a15aeec350451cbdf9e1d4bffe3e3233", "cc34a6f5b426748a507dd5d1de4c1978f2eb5626d51326e43280941206c209e1", "d755f03c1e4a51e9b24d899561fec4ccaf51f210d52abdf8c07ee2849b212a36", "d7c45933b1bdfaf9f36c579671fec15d25b06c8398f113dab64c18ed1adda01d", "d896919306dd0aa22d0132f62a1b78d11aaf4c9fc5b3410d3c666b818191630a", "ffde2fbfad571af120fcbfbbc61c72469e72f550d676c3342492a9dfdefb8f12"]
typing = ["91dfe6f3f706ee8cc32d38edbbf304e9b7583fb37108fef38229617f8b3eba23", "c8cabb5ab8945cd2f54917be357d134db9cc1eb039e59d1606dc1e60cb1d9d36", "f38d83c5a7a7086543a0f649564d661859c5146a85775ab90c0d2f93ffaa9714"]
typing-extensions = ["2ed632b30bb54fc3941c382decfd0ee4148f5c591651c9272473fea2c6397d95", "b1edbbf0652660e32ae780ac9433f4231e7339c7f9a8057d0f042fcbcea49b87", "d8179012ec2c620d3791ca6fe2bf7979d979acdbef1fca0bc56b37411db682ed"]
urllib3 = ["2f3eadfea5d92bc7899e75b5968410b749a054b492d5a6379c1344a1481bc2cb", "9c6c593cb28f52075016307fc26b0a0f8e82bc7d1ff19aaaa959b91710a56c47"]
wcwidth = ["3df37372226d6e63e1b1e1eda15c594bca98a22d33a23832a90998faa96bc65e", "f4ebe71925af7b40a864553f761ed559b43544f8f71746c2d756c7fe788ade7c"]
zipp = ["3718b1cbcd963c7d4c5511a8240812904164b7f381b647143a89d3b98f9bcd8e", "f06903e9f1f43b12d371004b4ac7b06ab39a44adc747266928ae6debfa7b3335"]
